
Microsoft Visual Studio Solution File, Format Version 12.00
# Visual Studio 2012
Project("{FAE04EC0-301F-11D3-BF4B-00C04F79EFBC}") = "TCPTable", "Samples\TCPTable\TCPTable.csproj", "{958D2B93-759E-46D2-A282-C1AC96F3E050}"
EndProject
Project("{FAE04EC0-301F-11D3-BF4B-00C04F79EFBC}") = "UDPTable", "Samples\UDPTable\UDPTable.csproj", "{59A76CB6-AECA-4FA1-9B1C-A0916D2BDED7}"
EndProject
Project("{FAE04EC0-301F-11D3-BF4B-00C04F79EFBC}") = "TestField", "Samples\TestField\TestField.csproj", "{F853D038-5849-419E-B52F-EF27B97D3B7D}"
EndProject
Global
	GlobalSection(SolutionConfigurationPlatforms) = preSolution
		Debug|Any CPU = Debug|Any CPU
		Release|Any CPU = Release|Any CPU
	EndGlobalSection
	GlobalSection(ProjectConfigurationPlatforms) = postSolution
		{958D2B93-759E-46D2-A282-C1AC96F3E050}.Debug|Any CPU.ActiveCfg = Debug|Any CPU
		{958D2B93-759E-46D2-A282-C1AC96F3E050}.Debug|Any CPU.Build.0 = Debug|Any CPU
		{958D2B93-759E-46D2-A282-C1AC96F3E050}.Release|Any CPU.ActiveCfg = Release|Any CPU
		{958D2B93-759E-46D2-A282-C1AC96F3E050}.Release|Any CPU.Build.0 = Release|Any CPU
		{59A76CB6-AECA-4FA1-9B1C-A0916D2BDED7}.Debug|Any CPU.ActiveCfg = Debug|Any CPU
		{59A76CB6-AECA-4FA1-9B1C-A0916D2BDED7}.Debug|Any CPU.Build.0 = Debug|Any CPU
		{59A76CB6-AECA-4FA1-9B1C-A0916D2BDED7}.Release|Any CPU.ActiveCfg = Release|Any CPU
		{59A76CB6-AECA-4FA1-9B1C-A0916D2BDED7}.Release|Any CPU.Build.0 = Release|Any CPU
		{F853D038-5849-419E-B52F-EF27B97D3B7D}.Debug|Any CPU.ActiveCfg = Debug|Any CPU
		{F853D038-5849-419E-B52F-EF27B97D3B7D}.Debug|Any CPU.Build.0 = Debug|Any CPU
		{F853D038-5849-419E-B52F-EF27B97D3B7D}.Release|Any CPU.ActiveCfg = Release|Any CPU
		{F853D038-5849-419E-B52F-EF27B97D3B7D}.Release|Any CPU.Build.0 = Release|Any CPU
	EndGlobalSection
	GlobalSection(SolutionProperties) = preSolution
		HideSolutionNode = FALSE
	EndGlobalSection
EndGlobal
